
Microsoft Visual Studio Solution File, Format Version 12.00
# Visual Studio Version 17
VisualStudioVersion = 17.0.31903.59
MinimumVisualStudioVersion = 10.0.40219.1
Project("{2150E333-8FDC-42A3-9474-1A3956D46DE8}") = "02-GettingStartedWithCSharp10andDotnet6", "02-GettingStartedWithCSharp10andDotnet6", "{53A84D82-73A5-402A-9B88-5522643D161E}"
EndProject
Project("{FAE04EC0-301F-11D3-BF4B-00C04F79EFBC}") = "HelloFromCSharp", "HelloFromCSharp\HelloFromCSharp.csproj", "{2C2834D6-3F88-47EE-BF51-87D79856AF02}"
EndProject
Global
	GlobalSection(SolutionConfigurationPlatforms) = preSolution
		Debug|Any CPU = Debug|Any CPU
		Release|Any CPU = Release|Any CPU
	EndGlobalSection
	GlobalSection(ProjectConfigurationPlatforms) = postSolution
		{2C2834D6-3F88-47EE-BF51-87D79856AF02}.Debug|Any CPU.ActiveCfg = Debug|Any CPU
		{2C2834D6-3F88-47EE-BF51-87D79856AF02}.Debug|Any CPU.Build.0 = Debug|Any CPU
		{2C2834D6-3F88-47EE-BF51-87D79856AF02}.Release|Any CPU.ActiveCfg = Release|Any CPU
		{2C2834D6-3F88-47EE-BF51-87D79856AF02}.Release|Any CPU.Build.0 = Release|Any CPU
	EndGlobalSection
	GlobalSection(SolutionProperties) = preSolution
		HideSolutionNode = FALSE
	EndGlobalSection
	GlobalSection(NestedProjects) = preSolution
		{2C2834D6-3F88-47EE-BF51-87D79856AF02} = {53A84D82-73A5-402A-9B88-5522643D161E}
	EndGlobalSection
	GlobalSection(ExtensibilityGlobals) = postSolution
		SolutionGuid = {4DFA6F66-FAAA-4B60-9881-8CE303F49162}
	EndGlobalSection
EndGlobal
